
Microsoft Visual Studio Solution File, Format Version 12.00
Project("{FAE04EC0-301F-11D3-BF4B-00C04F79EFBC}") = "ComboBox", "ComboBox\ComboBox.csproj", "{92549B64-8527-4B15-828D-6C01F1B5B87E}"
EndProject
Global
	GlobalSection(SolutionConfigurationPlatforms) = preSolution
		Debug|Any CPU = Debug|Any CPU
		Release|Any CPU = Release|Any CPU
	EndGlobalSection
	GlobalSection(ProjectConfigurationPlatforms) = postSolution
		{92549B64-8527-4B15-828D-6C01F1B5B87E}.Debug|Any CPU.ActiveCfg = Debug|Any CPU
		{92549B64-8527-4B15-828D-6C01F1B5B87E}.Debug|Any CPU.Build.0 = Debug|Any CPU
		{92549B64-8527-4B15-828D-6C01F1B5B87E}.Release|Any CPU.ActiveCfg = Release|Any CPU
		{92549B64-8527-4B15-828D-6C01F1B5B87E}.Release|Any CPU.Build.0 = Release|Any CPU
	EndGlobalSection
EndGlobal
