
Microsoft Visual Studio Solution File, Format Version 12.00
# Visual Studio Version 17
VisualStudioVersion = 17.7.34221.43
MinimumVisualStudioVersion = 10.0.40219.1
Project("{FAE04EC0-301F-11D3-BF4B-00C04F79EFBC}") = "RichTextBox Steuerelement", "RichTextBox Steuerelement\RichTextBox Steuerelement.csproj", "{845FAD08-9933-4341-BA9D-E5E040BFA54A}"
EndProject
Global
	GlobalSection(SolutionConfigurationPlatforms) = preSolution
		Debug|Any CPU = Debug|Any CPU
		Release|Any CPU = Release|Any CPU
	EndGlobalSection
	GlobalSection(ProjectConfigurationPlatforms) = postSolution
		{845FAD08-9933-4341-BA9D-E5E040BFA54A}.Debug|Any CPU.ActiveCfg = Debug|Any CPU
		{845FAD08-9933-4341-BA9D-E5E040BFA54A}.Debug|Any CPU.Build.0 = Debug|Any CPU
		{845FAD08-9933-4341-BA9D-E5E040BFA54A}.Release|Any CPU.ActiveCfg = Release|Any CPU
		{845FAD08-9933-4341-BA9D-E5E040BFA54A}.Release|Any CPU.Build.0 = Release|Any CPU
	EndGlobalSection
	GlobalSection(SolutionProperties) = preSolution
		HideSolutionNode = FALSE
	EndGlobalSection
	GlobalSection(ExtensibilityGlobals) = postSolution
		SolutionGuid = {FE1AFDEF-F761-4251-92C1-835A2BEBEEFF}
	EndGlobalSection
EndGlobal
