
Microsoft Visual Studio Solution File, Format Version 12.00
# Visual Studio Version 17
VisualStudioVersion = 17.7.34221.43
MinimumVisualStudioVersion = 10.0.40219.1
Project("{FAE04EC0-301F-11D3-BF4B-00C04F79EFBC}") = "DatePicker Steuerelement", "DatePicker Steuerelement\DatePicker Steuerelement.csproj", "{BC81FAB0-518D-49C0-9344-96C446F921BA}"
EndProject
Global
	GlobalSection(SolutionConfigurationPlatforms) = preSolution
		Debug|Any CPU = Debug|Any CPU
		Release|Any CPU = Release|Any CPU
	EndGlobalSection
	GlobalSection(ProjectConfigurationPlatforms) = postSolution
		{BC81FAB0-518D-49C0-9344-96C446F921BA}.Debug|Any CPU.ActiveCfg = Debug|Any CPU
		{BC81FAB0-518D-49C0-9344-96C446F921BA}.Debug|Any CPU.Build.0 = Debug|Any CPU
		{BC81FAB0-518D-49C0-9344-96C446F921BA}.Release|Any CPU.ActiveCfg = Release|Any CPU
		{BC81FAB0-518D-49C0-9344-96C446F921BA}.Release|Any CPU.Build.0 = Release|Any CPU
	EndGlobalSection
	GlobalSection(SolutionProperties) = preSolution
		HideSolutionNode = FALSE
	EndGlobalSection
	GlobalSection(ExtensibilityGlobals) = postSolution
		SolutionGuid = {F569B4AE-1DE3-4DBD-A047-8B0873B9FFC4}
	EndGlobalSection
EndGlobal
