
Microsoft Visual Studio Solution File, Format Version 12.00
Project("{FAE04EC0-301F-11D3-BF4B-00C04F79EFBC}") = "DataTrigger", "DataTrigger\DataTrigger.csproj", "{DF4B1283-7197-4DBC-A3CD-BDB1DFCEC6A8}"
EndProject
Global
	GlobalSection(SolutionConfigurationPlatforms) = preSolution
		Debug|Any CPU = Debug|Any CPU
		Release|Any CPU = Release|Any CPU
	EndGlobalSection
	GlobalSection(ProjectConfigurationPlatforms) = postSolution
		{DF4B1283-7197-4DBC-A3CD-BDB1DFCEC6A8}.Debug|Any CPU.ActiveCfg = Debug|Any CPU
		{DF4B1283-7197-4DBC-A3CD-BDB1DFCEC6A8}.Debug|Any CPU.Build.0 = Debug|Any CPU
		{DF4B1283-7197-4DBC-A3CD-BDB1DFCEC6A8}.Release|Any CPU.ActiveCfg = Release|Any CPU
		{DF4B1283-7197-4DBC-A3CD-BDB1DFCEC6A8}.Release|Any CPU.Build.0 = Release|Any CPU
	EndGlobalSection
EndGlobal
