
Microsoft Visual Studio Solution File, Format Version 12.00
# Visual Studio Version 17
VisualStudioVersion = 17.7.34221.43
MinimumVisualStudioVersion = 10.0.40219.1
Project("{FAE04EC0-301F-11D3-BF4B-00C04F79EFBC}") = "TextBox Steuerelement", "TextBox Steuerelement\TextBox Steuerelement.csproj", "{AEAF0AE3-7F44-4988-9C3F-57F47A5CEC43}"
EndProject
Global
	GlobalSection(SolutionConfigurationPlatforms) = preSolution
		Debug|Any CPU = Debug|Any CPU
		Release|Any CPU = Release|Any CPU
	EndGlobalSection
	GlobalSection(ProjectConfigurationPlatforms) = postSolution
		{AEAF0AE3-7F44-4988-9C3F-57F47A5CEC43}.Debug|Any CPU.ActiveCfg = Debug|Any CPU
		{AEAF0AE3-7F44-4988-9C3F-57F47A5CEC43}.Debug|Any CPU.Build.0 = Debug|Any CPU
		{AEAF0AE3-7F44-4988-9C3F-57F47A5CEC43}.Release|Any CPU.ActiveCfg = Release|Any CPU
		{AEAF0AE3-7F44-4988-9C3F-57F47A5CEC43}.Release|Any CPU.Build.0 = Release|Any CPU
	EndGlobalSection
	GlobalSection(SolutionProperties) = preSolution
		HideSolutionNode = FALSE
	EndGlobalSection
	GlobalSection(ExtensibilityGlobals) = postSolution
		SolutionGuid = {04ADD390-8218-4A15-843F-621943F1371D}
	EndGlobalSection
EndGlobal
